
Microsoft Visual Studio Solution File, Format Version 12.00
# Visual Studio Version 17
VisualStudioVersion = 17.12.35521.163
MinimumVisualStudioVersion = 10.0.40219.1
Project("{FAE04EC0-301F-11D3-BF4B-00C04F79EFBC}") = "DAL", "DAL\DAL.csproj", "{FA4FAD4C-97FC-4FF3-B362-0BDDC07EEA59}"
EndProject
Project("{FAE04EC0-301F-11D3-BF4B-00C04F79EFBC}") = "Entities", "Entities\Entities.csproj", "{C65111D8-9C4C-4909-8E01-CCB4A36725AF}"
EndProject
Project("{FAE04EC0-301F-11D3-BF4B-00C04F79EFBC}") = "SLC", "SLC\SLC.csproj", "{24CFAB11-D1E3-493C-B711-4528537C06CA}"
EndProject
Project("{FAE04EC0-301F-11D3-BF4B-00C04F79EFBC}") = "BLL", "BLL\BLL.csproj", "{A232FAFC-2145-4A17-8AA6-9CCC0889FB60}"
EndProject
Project("{FAE04EC0-301F-11D3-BF4B-00C04F79EFBC}") = "SOAP", "SOAP\SOAP.csproj", "{7AF6D5F3-35C4-4C47-9AAF-AAD927D1AC7D}"
EndProject
Global
	GlobalSection(SolutionConfigurationPlatforms) = preSolution
		Debug|Any CPU = Debug|Any CPU
		Release|Any CPU = Release|Any CPU
	EndGlobalSection
	GlobalSection(ProjectConfigurationPlatforms) = postSolution
		{FA4FAD4C-97FC-4FF3-B362-0BDDC07EEA59}.Debug|Any CPU.ActiveCfg = Debug|Any CPU
		{FA4FAD4C-97FC-4FF3-B362-0BDDC07EEA59}.Debug|Any CPU.Build.0 = Debug|Any CPU
		{FA4FAD4C-97FC-4FF3-B362-0BDDC07EEA59}.Release|Any CPU.ActiveCfg = Release|Any CPU
		{FA4FAD4C-97FC-4FF3-B362-0BDDC07EEA59}.Release|Any CPU.Build.0 = Release|Any CPU
		{C65111D8-9C4C-4909-8E01-CCB4A36725AF}.Debug|Any CPU.ActiveCfg = Debug|Any CPU
		{C65111D8-9C4C-4909-8E01-CCB4A36725AF}.Debug|Any CPU.Build.0 = Debug|Any CPU
		{C65111D8-9C4C-4909-8E01-CCB4A36725AF}.Release|Any CPU.ActiveCfg = Release|Any CPU
		{C65111D8-9C4C-4909-8E01-CCB4A36725AF}.Release|Any CPU.Build.0 = Release|Any CPU
		{24CFAB11-D1E3-493C-B711-4528537C06CA}.Debug|Any CPU.ActiveCfg = Debug|Any CPU
		{24CFAB11-D1E3-493C-B711-4528537C06CA}.Debug|Any CPU.Build.0 = Debug|Any CPU
		{24CFAB11-D1E3-493C-B711-4528537C06CA}.Release|Any CPU.ActiveCfg = Release|Any CPU
		{24CFAB11-D1E3-493C-B711-4528537C06CA}.Release|Any CPU.Build.0 = Release|Any CPU
		{A232FAFC-2145-4A17-8AA6-9CCC0889FB60}.Debug|Any CPU.ActiveCfg = Debug|Any CPU
		{A232FAFC-2145-4A17-8AA6-9CCC0889FB60}.Debug|Any CPU.Build.0 = Debug|Any CPU
		{A232FAFC-2145-4A17-8AA6-9CCC0889FB60}.Release|Any CPU.ActiveCfg = Release|Any CPU
		{A232FAFC-2145-4A17-8AA6-9CCC0889FB60}.Release|Any CPU.Build.0 = Release|Any CPU
		{7AF6D5F3-35C4-4C47-9AAF-AAD927D1AC7D}.Debug|Any CPU.ActiveCfg = Debug|Any CPU
		{7AF6D5F3-35C4-4C47-9AAF-AAD927D1AC7D}.Debug|Any CPU.Build.0 = Debug|Any CPU
		{7AF6D5F3-35C4-4C47-9AAF-AAD927D1AC7D}.Release|Any CPU.ActiveCfg = Release|Any CPU
		{7AF6D5F3-35C4-4C47-9AAF-AAD927D1AC7D}.Release|Any CPU.Build.0 = Release|Any CPU
	EndGlobalSection
	GlobalSection(SolutionProperties) = preSolution
		HideSolutionNode = FALSE
	EndGlobalSection
EndGlobal
